
Microsoft Visual Studio Solution File, Format Version 12.00
# Visual Studio Version 16
VisualStudioVersion = 16.0.31624.102
MinimumVisualStudioVersion = 10.0.40219.1
Project("{FAE04EC0-301F-11D3-BF4B-00C04F79EFBC}") = "agile final proj", "agile final proj\agile final proj.csproj", "{9AD096E7-131C-474B-A04F-FFDFFF38D73A}"
EndProject
Global
	GlobalSection(SolutionConfigurationPlatforms) = preSolution
		Debug|Any CPU = Debug|Any CPU
		Release|Any CPU = Release|Any CPU
	EndGlobalSection
	GlobalSection(ProjectConfigurationPlatforms) = postSolution
		{9AD096E7-131C-474B-A04F-FFDFFF38D73A}.Debug|Any CPU.ActiveCfg = Debug|Any CPU
		{9AD096E7-131C-474B-A04F-FFDFFF38D73A}.Debug|Any CPU.Build.0 = Debug|Any CPU
		{9AD096E7-131C-474B-A04F-FFDFFF38D73A}.Release|Any CPU.ActiveCfg = Release|Any CPU
		{9AD096E7-131C-474B-A04F-FFDFFF38D73A}.Release|Any CPU.Build.0 = Release|Any CPU
	EndGlobalSection
	GlobalSection(SolutionProperties) = preSolution
		HideSolutionNode = FALSE
	EndGlobalSection
	GlobalSection(ExtensibilityGlobals) = postSolution
		SolutionGuid = {D1C1D557-1852-422F-B712-B35B39B4A519}
	EndGlobalSection
EndGlobal
